<?xml version="1.0" encoding="utf-8"?>
<Project ToolsVersion="4.0" xmlns="http://schemas.microsoft.com/developer/msbuild/2003">
  <ItemGroup>
    <Filter Include="Исходные файлы">
      <UniqueIdentifier>{4FC737F1-C7A5-4376-A066-2A32D752A2FF}</UniqueIdentifier>
      <Extensions>cpp;c;cc;cxx;c++;cppm;ixx;def;odl;idl;hpj;bat;asm;asmx</Extensions>
    </Filter>
    <Filter Include="Файлы заголовков">
      <UniqueIdentifier>{93995380-89BD-4b04-88EB-625FBE52EBFB}</UniqueIdentifier>
      <Extensions>h;hh;hpp;hxx;h++;hm;inl;inc;ipp;xsd</Extensions>
    </Filter>
    <Filter Include="Файлы ресурсов">
      <UniqueIdentifier>{67DA6AB6-F800-4c08-8B7A-83BB121AAD01}</UniqueIdentifier>
      <Extensions>rc;ico;cur;bmp;dlg;rc2;rct;bin;rgs;gif;jpg;jpeg;jpe;resx;tiff;tif;png;wav;mfcribbon-ms</Extensions>
    </Filter>
  </ItemGroup>
  <ItemGroup>
    <ClCompile Include="dllmain.cpp">
      <Filter>Исходные файлы</Filter>
    </ClCompile>
    <ClCompile Include="src\app\amString\string.cpp">
      <Filter>Исходные файлы</Filter>
    </ClCompile>
    <ClCompile Include="src\app\crypto\float16.cpp">
      <Filter>Исходные файлы</Filter>
    </ClCompile>
    <ClCompile Include="src\app\fileSystem\FileHandler.cpp">
      <Filter>Исходные файлы</Filter>
    </ClCompile>
    <ClCompile Include="src\app\helpers\helpers.cpp">
      <Filter>Исходные файлы</Filter>
    </ClCompile>
    <ClCompile Include="src\app\helpers\win32.cpp">
      <Filter>Исходные файлы</Filter>
    </ClCompile>
    <ClCompile Include="src\app\Preload\Preload.cpp">
      <Filter>Исходные файлы</Filter>
    </ClCompile>
    <ClCompile Include="src\app\Preload\Preload_Integration.cpp">
      <Filter>Исходные файлы</Filter>
    </ClCompile>
    <ClCompile Include="src\game\gameClock\CClock.cpp">
      <Filter>Исходные файлы</Filter>
    </ClCompile>
    <ClCompile Include="src\game\overlayRender\Render.cpp">
      <Filter>Исходные файлы</Filter>
    </ClCompile>
    <ClCompile Include="src\game\timecycle\ui\timecycleUI_impl.cpp">
      <Filter>Исходные файлы</Filter>
    </ClCompile>
    <ClCompile Include="src\app\uiBase\FileListUI.cpp">
      <Filter>Исходные файлы</Filter>
    </ClCompile>
    <ClCompile Include="src\game\timecycle\xml\tcXmlParser.cpp">
      <Filter>Исходные файлы</Filter>
    </ClCompile>
    <ClCompile Include="src\game\timecycle\tccycle.cpp">
      <Filter>Исходные файлы</Filter>
    </ClCompile>
    <ClCompile Include="src\game\timecycle\tсHandler.cpp">
      <Filter>Исходные файлы</Filter>
    </ClCompile>
    <ClCompile Include="vendor\ImGui\imgui.cpp">
      <Filter>Исходные файлы</Filter>
    </ClCompile>
    <ClCompile Include="vendor\ImGui\imgui_demo.cpp">
      <Filter>Исходные файлы</Filter>
    </ClCompile>
    <ClCompile Include="vendor\ImGui\imgui_draw.cpp">
      <Filter>Исходные файлы</Filter>
    </ClCompile>
    <ClCompile Include="vendor\ImGui\imgui_impl_dx11.cpp">
      <Filter>Исходные файлы</Filter>
    </ClCompile>
    <ClCompile Include="vendor\ImGui\imgui_impl_win32.cpp">
      <Filter>Исходные файлы</Filter>
    </ClCompile>
    <ClCompile Include="vendor\ImGui\imgui_tables.cpp">
      <Filter>Исходные файлы</Filter>
    </ClCompile>
    <ClCompile Include="vendor\ImGui\imgui_widgets.cpp">
      <Filter>Исходные файлы</Filter>
    </ClCompile>
    <ClCompile Include="vendor\inih\ini.c">
      <Filter>Исходные файлы</Filter>
    </ClCompile>
    <ClCompile Include="vendor\inih\INIReader.cpp">
      <Filter>Исходные файлы</Filter>
    </ClCompile>
    <ClCompile Include="vendor\pugixml\pugixml.cpp">
      <Filter>Исходные файлы</Filter>
    </ClCompile>
    <ClCompile Include="src\app\memory\address.cpp">
      <Filter>Исходные файлы</Filter>
    </ClCompile>
    <ClCompile Include="src\app\uiBase\uiBaseWindow.cpp">
      <Filter>Исходные файлы</Filter>
    </ClCompile>
    <ClCompile Include="src\game\CloudSettings\CloudSettings.cpp">
      <Filter>Исходные файлы</Filter>
    </ClCompile>
    <ClCompile Include="src\game\CloudSettings\ui\CloudSettingsUI.cpp">
      <Filter>Исходные файлы</Filter>
    </ClCompile>
    <ClCompile Include="src\app\uiBase\ImguiHelpers.cpp">
      <Filter>Исходные файлы</Filter>
    </ClCompile>
    <ClCompile Include="src\game\gameClock\Ui\ClockUi.cpp">
      <Filter>Исходные файлы</Filter>
    </ClCompile>
    <ClCompile Include="src\game\VfxLightningSettings\VfxLightningSettings.cpp">
      <Filter>Исходные файлы</Filter>
    </ClCompile>
    <ClCompile Include="src\game\VfxLightningSettings\ui\VfxLightningUi.cpp">
      <Filter>Исходные файлы</Filter>
    </ClCompile>
    <ClCompile Include="src\game\VfxLightningSettings\xml\vfxLightningXmlParser.cpp">
      <Filter>Исходные файлы</Filter>
    </ClCompile>
    <ClCompile Include="src\game\CloudSettings\xml\CloudSettingsXmlParser.cpp">
      <Filter>Исходные файлы</Filter>
    </ClCompile>
    <ClCompile Include="src\game\VisualSettings\visualSettingsHandler.cpp">
      <Filter>Исходные файлы</Filter>
    </ClCompile>
    <ClCompile Include="src\game\VisualSettings\ui\visualSettingsUi.cpp">
      <Filter>Исходные файлы</Filter>
    </ClCompile>
    <ClCompile Include="vendor\ImPlot\implot.cpp">
      <Filter>Исходные файлы</Filter>
    </ClCompile>
    <ClCompile Include="vendor\ImPlot\implot_demo.cpp">
      <Filter>Исходные файлы</Filter>
    </ClCompile>
    <ClCompile Include="vendor\ImPlot\implot_items.cpp">
      <Filter>Исходные файлы</Filter>
    </ClCompile>
  </ItemGroup>
  <ItemGroup>
    <ClInclude Include="src\app\amString\char.h">
      <Filter>Файлы заголовков</Filter>
    </ClInclude>
    <ClInclude Include="src\app\amString\splitter.h">
      <Filter>Файлы заголовков</Filter>
    </ClInclude>
    <ClInclude Include="src\app\amString\string.h">
      <Filter>Файлы заголовков</Filter>
    </ClInclude>
    <ClInclude Include="src\app\amString\stringwrapper.h">
      <Filter>Файлы заголовков</Filter>
    </ClInclude>
    <ClInclude Include="src\app\common\types.h">
      <Filter>Файлы заголовков</Filter>
    </ClInclude>
    <ClInclude Include="src\app\compiler\compiler.h">
      <Filter>Файлы заголовков</Filter>
    </ClInclude>
    <ClInclude Include="src\app\crypto\float16.h">
      <Filter>Файлы заголовков</Filter>
    </ClInclude>
    <ClInclude Include="src\app\crypto\joaat.h">
      <Filter>Файлы заголовков</Filter>
    </ClInclude>
    <ClInclude Include="src\app\fileSystem\FileHandler.h">
      <Filter>Файлы заголовков</Filter>
    </ClInclude>
    <ClInclude Include="src\app\helpers\com.h">
      <Filter>Файлы заголовков</Filter>
    </ClInclude>
    <ClInclude Include="src\app\helpers\cstr.h">
      <Filter>Файлы заголовков</Filter>
    </ClInclude>
    <ClInclude Include="src\app\helpers\helpers.h">
      <Filter>Файлы заголовков</Filter>
    </ClInclude>
    <ClInclude Include="src\app\helpers\resharper.h">
      <Filter>Файлы заголовков</Filter>
    </ClInclude>
    <ClInclude Include="src\app\helpers\win32.h">
      <Filter>Файлы заголовков</Filter>
    </ClInclude>
    <ClInclude Include="src\app\Preload\Preload.h">
      <Filter>Файлы заголовков</Filter>
    </ClInclude>
    <ClInclude Include="src\app\Preload\Preload_Integration.h">
      <Filter>Файлы заголовков</Filter>
    </ClInclude>
    <ClInclude Include="src\game\gameClock\CClock.h">
      <Filter>Файлы заголовков</Filter>
    </ClInclude>
    <ClInclude Include="src\game\overlayRender\Render.h">
      <Filter>Файлы заголовков</Filter>
    </ClInclude>
    <ClInclude Include="src\game\rageControl\control.h">
      <Filter>Файлы заголовков</Filter>
    </ClInclude>
    <ClInclude Include="src\game\timecycle\ui\timecycleUI_impl.h">
      <Filter>Файлы заголовков</Filter>
    </ClInclude>
    <ClInclude Include="src\app\uiBase\FileListUI.h">
      <Filter>Файлы заголовков</Filter>
    </ClInclude>
    <ClInclude Include="src\game\timecycle\xml\tcXmlParser.h">
      <Filter>Файлы заголовков</Filter>
    </ClInclude>
    <ClInclude Include="src\game\timecycle\tccycle.h">
      <Filter>Файлы заголовков</Filter>
    </ClInclude>
    <ClInclude Include="src\game\timecycle\tcData.h">
      <Filter>Файлы заголовков</Filter>
    </ClInclude>
    <ClInclude Include="src\game\timecycle\tcdef.h">
      <Filter>Файлы заголовков</Filter>
    </ClInclude>
    <ClInclude Include="src\game\timecycle\tсHandler.h">
      <Filter>Файлы заголовков</Filter>
    </ClInclude>
    <ClInclude Include="vendor\ImGui\imconfig.h">
      <Filter>Файлы заголовков</Filter>
    </ClInclude>
    <ClInclude Include="vendor\ImGui\imgui.h">
      <Filter>Файлы заголовков</Filter>
    </ClInclude>
    <ClInclude Include="vendor\ImGui\imgui_impl_dx11.h">
      <Filter>Файлы заголовков</Filter>
    </ClInclude>
    <ClInclude Include="vendor\ImGui\imgui_impl_win32.h">
      <Filter>Файлы заголовков</Filter>
    </ClInclude>
    <ClInclude Include="vendor\ImGui\imgui_internal.h">
      <Filter>Файлы заголовков</Filter>
    </ClInclude>
    <ClInclude Include="vendor\ImGui\imstb_rectpack.h">
      <Filter>Файлы заголовков</Filter>
    </ClInclude>
    <ClInclude Include="vendor\ImGui\imstb_textedit.h">
      <Filter>Файлы заголовков</Filter>
    </ClInclude>
    <ClInclude Include="vendor\ImGui\imstb_truetype.h">
      <Filter>Файлы заголовков</Filter>
    </ClInclude>
    <ClInclude Include="vendor\inih\ini.h">
      <Filter>Файлы заголовков</Filter>
    </ClInclude>
    <ClInclude Include="vendor\inih\INIReader.h">
      <Filter>Файлы заголовков</Filter>
    </ClInclude>
    <ClInclude Include="vendor\MinHook\MinHook.h">
      <Filter>Файлы заголовков</Filter>
    </ClInclude>
    <ClInclude Include="vendor\pugixml\pugiconfig.hpp">
      <Filter>Файлы заголовков</Filter>
    </ClInclude>
    <ClInclude Include="vendor\pugixml\pugixml.hpp">
      <Filter>Файлы заголовков</Filter>
    </ClInclude>
    <ClInclude Include="vendor\scripthook\inc\enums.h">
      <Filter>Файлы заголовков</Filter>
    </ClInclude>
    <ClInclude Include="vendor\scripthook\inc\nativeCaller.h">
      <Filter>Файлы заголовков</Filter>
    </ClInclude>
    <ClInclude Include="vendor\scripthook\inc\natives.h">
      <Filter>Файлы заголовков</Filter>
    </ClInclude>
    <ClInclude Include="vendor\scripthook\inc\scripthookMain.h">
      <Filter>Файлы заголовков</Filter>
    </ClInclude>
    <ClInclude Include="vendor\scripthook\inc\types.h">
      <Filter>Файлы заголовков</Filter>
    </ClInclude>
    <ClInclude Include="vendor\spdlog\cfg\argv.h">
      <Filter>Файлы заголовков</Filter>
    </ClInclude>
    <ClInclude Include="vendor\spdlog\cfg\env.h">
      <Filter>Файлы заголовков</Filter>
    </ClInclude>
    <ClInclude Include="vendor\spdlog\cfg\helpers.h">
      <Filter>Файлы заголовков</Filter>
    </ClInclude>
    <ClInclude Include="vendor\spdlog\cfg\helpers-inl.h">
      <Filter>Файлы заголовков</Filter>
    </ClInclude>
    <ClInclude Include="vendor\spdlog\details\backtracer.h">
      <Filter>Файлы заголовков</Filter>
    </ClInclude>
    <ClInclude Include="vendor\spdlog\details\backtracer-inl.h">
      <Filter>Файлы заголовков</Filter>
    </ClInclude>
    <ClInclude Include="vendor\spdlog\details\circular_q.h">
      <Filter>Файлы заголовков</Filter>
    </ClInclude>
    <ClInclude Include="vendor\spdlog\details\console_globals.h">
      <Filter>Файлы заголовков</Filter>
    </ClInclude>
    <ClInclude Include="vendor\spdlog\details\file_helper.h">
      <Filter>Файлы заголовков</Filter>
    </ClInclude>
    <ClInclude Include="vendor\spdlog\details\file_helper-inl.h">
      <Filter>Файлы заголовков</Filter>
    </ClInclude>
    <ClInclude Include="vendor\spdlog\details\fmt_helper.h">
      <Filter>Файлы заголовков</Filter>
    </ClInclude>
    <ClInclude Include="vendor\spdlog\details\log_msg.h">
      <Filter>Файлы заголовков</Filter>
    </ClInclude>
    <ClInclude Include="vendor\spdlog\details\log_msg_buffer.h">
      <Filter>Файлы заголовков</Filter>
    </ClInclude>
    <ClInclude Include="vendor\spdlog\details\log_msg_buffer-inl.h">
      <Filter>Файлы заголовков</Filter>
    </ClInclude>
    <ClInclude Include="vendor\spdlog\details\log_msg-inl.h">
      <Filter>Файлы заголовков</Filter>
    </ClInclude>
    <ClInclude Include="vendor\spdlog\details\mpmc_blocking_q.h">
      <Filter>Файлы заголовков</Filter>
    </ClInclude>
    <ClInclude Include="vendor\spdlog\details\null_mutex.h">
      <Filter>Файлы заголовков</Filter>
    </ClInclude>
    <ClInclude Include="vendor\spdlog\details\os.h">
      <Filter>Файлы заголовков</Filter>
    </ClInclude>
    <ClInclude Include="vendor\spdlog\details\os-inl.h">
      <Filter>Файлы заголовков</Filter>
    </ClInclude>
    <ClInclude Include="vendor\spdlog\details\periodic_worker.h">
      <Filter>Файлы заголовков</Filter>
    </ClInclude>
    <ClInclude Include="vendor\spdlog\details\periodic_worker-inl.h">
      <Filter>Файлы заголовков</Filter>
    </ClInclude>
    <ClInclude Include="vendor\spdlog\details\registry.h">
      <Filter>Файлы заголовков</Filter>
    </ClInclude>
    <ClInclude Include="vendor\spdlog\details\registry-inl.h">
      <Filter>Файлы заголовков</Filter>
    </ClInclude>
    <ClInclude Include="vendor\spdlog\details\synchronous_factory.h">
      <Filter>Файлы заголовков</Filter>
    </ClInclude>
    <ClInclude Include="vendor\spdlog\details\tcp_client.h">
      <Filter>Файлы заголовков</Filter>
    </ClInclude>
    <ClInclude Include="vendor\spdlog\details\tcp_client-windows.h">
      <Filter>Файлы заголовков</Filter>
    </ClInclude>
    <ClInclude Include="vendor\spdlog\details\thread_pool.h">
      <Filter>Файлы заголовков</Filter>
    </ClInclude>
    <ClInclude Include="vendor\spdlog\details\thread_pool-inl.h">
      <Filter>Файлы заголовков</Filter>
    </ClInclude>
    <ClInclude Include="vendor\spdlog\details\udp_client.h">
      <Filter>Файлы заголовков</Filter>
    </ClInclude>
    <ClInclude Include="vendor\spdlog\details\udp_client-windows.h">
      <Filter>Файлы заголовков</Filter>
    </ClInclude>
    <ClInclude Include="vendor\spdlog\details\windows_include.h">
      <Filter>Файлы заголовков</Filter>
    </ClInclude>
    <ClInclude Include="vendor\spdlog\fmt\bundled\args.h">
      <Filter>Файлы заголовков</Filter>
    </ClInclude>
    <ClInclude Include="vendor\spdlog\fmt\bundled\chrono.h">
      <Filter>Файлы заголовков</Filter>
    </ClInclude>
    <ClInclude Include="vendor\spdlog\fmt\bundled\color.h">
      <Filter>Файлы заголовков</Filter>
    </ClInclude>
    <ClInclude Include="vendor\spdlog\fmt\bundled\compile.h">
      <Filter>Файлы заголовков</Filter>
    </ClInclude>
    <ClInclude Include="vendor\spdlog\fmt\bundled\core.h">
      <Filter>Файлы заголовков</Filter>
    </ClInclude>
    <ClInclude Include="vendor\spdlog\fmt\bundled\format.h">
      <Filter>Файлы заголовков</Filter>
    </ClInclude>
    <ClInclude Include="vendor\spdlog\fmt\bundled\format-inl.h">
      <Filter>Файлы заголовков</Filter>
    </ClInclude>
    <ClInclude Include="vendor\spdlog\fmt\bundled\locale.h">
      <Filter>Файлы заголовков</Filter>
    </ClInclude>
    <ClInclude Include="vendor\spdlog\fmt\bundled\os.h">
      <Filter>Файлы заголовков</Filter>
    </ClInclude>
    <ClInclude Include="vendor\spdlog\fmt\bundled\ostream.h">
      <Filter>Файлы заголовков</Filter>
    </ClInclude>
    <ClInclude Include="vendor\spdlog\fmt\bundled\printf.h">
      <Filter>Файлы заголовков</Filter>
    </ClInclude>
    <ClInclude Include="vendor\spdlog\fmt\bundled\ranges.h">
      <Filter>Файлы заголовков</Filter>
    </ClInclude>
    <ClInclude Include="vendor\spdlog\fmt\bundled\std.h">
      <Filter>Файлы заголовков</Filter>
    </ClInclude>
    <ClInclude Include="vendor\spdlog\fmt\bundled\xchar.h">
      <Filter>Файлы заголовков</Filter>
    </ClInclude>
    <ClInclude Include="vendor\spdlog\fmt\bin_to_hex.h">
      <Filter>Файлы заголовков</Filter>
    </ClInclude>
    <ClInclude Include="vendor\spdlog\fmt\chrono.h">
      <Filter>Файлы заголовков</Filter>
    </ClInclude>
    <ClInclude Include="vendor\spdlog\fmt\compile.h">
      <Filter>Файлы заголовков</Filter>
    </ClInclude>
    <ClInclude Include="vendor\spdlog\fmt\fmt.h">
      <Filter>Файлы заголовков</Filter>
    </ClInclude>
    <ClInclude Include="vendor\spdlog\fmt\ostr.h">
      <Filter>Файлы заголовков</Filter>
    </ClInclude>
    <ClInclude Include="vendor\spdlog\fmt\ranges.h">
      <Filter>Файлы заголовков</Filter>
    </ClInclude>
    <ClInclude Include="vendor\spdlog\fmt\std.h">
      <Filter>Файлы заголовков</Filter>
    </ClInclude>
    <ClInclude Include="vendor\spdlog\fmt\xchar.h">
      <Filter>Файлы заголовков</Filter>
    </ClInclude>
    <ClInclude Include="vendor\spdlog\sinks\android_sink.h">
      <Filter>Файлы заголовков</Filter>
    </ClInclude>
    <ClInclude Include="vendor\spdlog\sinks\ansicolor_sink.h">
      <Filter>Файлы заголовков</Filter>
    </ClInclude>
    <ClInclude Include="vendor\spdlog\sinks\ansicolor_sink-inl.h">
      <Filter>Файлы заголовков</Filter>
    </ClInclude>
    <ClInclude Include="vendor\spdlog\sinks\base_sink.h">
      <Filter>Файлы заголовков</Filter>
    </ClInclude>
    <ClInclude Include="vendor\spdlog\sinks\base_sink-inl.h">
      <Filter>Файлы заголовков</Filter>
    </ClInclude>
    <ClInclude Include="vendor\spdlog\sinks\basic_file_sink.h">
      <Filter>Файлы заголовков</Filter>
    </ClInclude>
    <ClInclude Include="vendor\spdlog\sinks\basic_file_sink-inl.h">
      <Filter>Файлы заголовков</Filter>
    </ClInclude>
    <ClInclude Include="vendor\spdlog\sinks\callback_sink.h">
      <Filter>Файлы заголовков</Filter>
    </ClInclude>
    <ClInclude Include="vendor\spdlog\sinks\daily_file_sink.h">
      <Filter>Файлы заголовков</Filter>
    </ClInclude>
    <ClInclude Include="vendor\spdlog\sinks\dist_sink.h">
      <Filter>Файлы заголовков</Filter>
    </ClInclude>
    <ClInclude Include="vendor\spdlog\sinks\dup_filter_sink.h">
      <Filter>Файлы заголовков</Filter>
    </ClInclude>
    <ClInclude Include="vendor\spdlog\sinks\hourly_file_sink.h">
      <Filter>Файлы заголовков</Filter>
    </ClInclude>
    <ClInclude Include="vendor\spdlog\sinks\kafka_sink.h">
      <Filter>Файлы заголовков</Filter>
    </ClInclude>
    <ClInclude Include="vendor\spdlog\sinks\mongo_sink.h">
      <Filter>Файлы заголовков</Filter>
    </ClInclude>
    <ClInclude Include="vendor\spdlog\sinks\msvc_sink.h">
      <Filter>Файлы заголовков</Filter>
    </ClInclude>
    <ClInclude Include="vendor\spdlog\sinks\null_sink.h">
      <Filter>Файлы заголовков</Filter>
    </ClInclude>
    <ClInclude Include="vendor\spdlog\sinks\ostream_sink.h">
      <Filter>Файлы заголовков</Filter>
    </ClInclude>
    <ClInclude Include="vendor\spdlog\sinks\qt_sinks.h">
      <Filter>Файлы заголовков</Filter>
    </ClInclude>
    <ClInclude Include="vendor\spdlog\sinks\ringbuffer_sink.h">
      <Filter>Файлы заголовков</Filter>
    </ClInclude>
    <ClInclude Include="vendor\spdlog\sinks\rotating_file_sink.h">
      <Filter>Файлы заголовков</Filter>
    </ClInclude>
    <ClInclude Include="vendor\spdlog\sinks\rotating_file_sink-inl.h">
      <Filter>Файлы заголовков</Filter>
    </ClInclude>
    <ClInclude Include="vendor\spdlog\sinks\sink.h">
      <Filter>Файлы заголовков</Filter>
    </ClInclude>
    <ClInclude Include="vendor\spdlog\sinks\sink-inl.h">
      <Filter>Файлы заголовков</Filter>
    </ClInclude>
    <ClInclude Include="vendor\spdlog\sinks\stdout_color_sinks.h">
      <Filter>Файлы заголовков</Filter>
    </ClInclude>
    <ClInclude Include="vendor\spdlog\sinks\stdout_color_sinks-inl.h">
      <Filter>Файлы заголовков</Filter>
    </ClInclude>
    <ClInclude Include="vendor\spdlog\sinks\stdout_sinks.h">
      <Filter>Файлы заголовков</Filter>
    </ClInclude>
    <ClInclude Include="vendor\spdlog\sinks\stdout_sinks-inl.h">
      <Filter>Файлы заголовков</Filter>
    </ClInclude>
    <ClInclude Include="vendor\spdlog\sinks\syslog_sink.h">
      <Filter>Файлы заголовков</Filter>
    </ClInclude>
    <ClInclude Include="vendor\spdlog\sinks\systemd_sink.h">
      <Filter>Файлы заголовков</Filter>
    </ClInclude>
    <ClInclude Include="vendor\spdlog\sinks\tcp_sink.h">
      <Filter>Файлы заголовков</Filter>
    </ClInclude>
    <ClInclude Include="vendor\spdlog\sinks\udp_sink.h">
      <Filter>Файлы заголовков</Filter>
    </ClInclude>
    <ClInclude Include="vendor\spdlog\sinks\win_eventlog_sink.h">
      <Filter>Файлы заголовков</Filter>
    </ClInclude>
    <ClInclude Include="vendor\spdlog\sinks\wincolor_sink.h">
      <Filter>Файлы заголовков</Filter>
    </ClInclude>
    <ClInclude Include="vendor\spdlog\sinks\wincolor_sink-inl.h">
      <Filter>Файлы заголовков</Filter>
    </ClInclude>
    <ClInclude Include="vendor\spdlog\async.h">
      <Filter>Файлы заголовков</Filter>
    </ClInclude>
    <ClInclude Include="vendor\spdlog\async_logger.h">
      <Filter>Файлы заголовков</Filter>
    </ClInclude>
    <ClInclude Include="vendor\spdlog\async_logger-inl.h">
      <Filter>Файлы заголовков</Filter>
    </ClInclude>
    <ClInclude Include="vendor\spdlog\common.h">
      <Filter>Файлы заголовков</Filter>
    </ClInclude>
    <ClInclude Include="vendor\spdlog\common-inl.h">
      <Filter>Файлы заголовков</Filter>
    </ClInclude>
    <ClInclude Include="vendor\spdlog\formatter.h">
      <Filter>Файлы заголовков</Filter>
    </ClInclude>
    <ClInclude Include="vendor\spdlog\fwd.h">
      <Filter>Файлы заголовков</Filter>
    </ClInclude>
    <ClInclude Include="vendor\spdlog\logger.h">
      <Filter>Файлы заголовков</Filter>
    </ClInclude>
    <ClInclude Include="vendor\spdlog\logger-inl.h">
      <Filter>Файлы заголовков</Filter>
    </ClInclude>
    <ClInclude Include="vendor\spdlog\pattern_formatter.h">
      <Filter>Файлы заголовков</Filter>
    </ClInclude>
    <ClInclude Include="vendor\spdlog\pattern_formatter-inl.h">
      <Filter>Файлы заголовков</Filter>
    </ClInclude>
    <ClInclude Include="vendor\spdlog\spdlog.h">
      <Filter>Файлы заголовков</Filter>
    </ClInclude>
    <ClInclude Include="vendor\spdlog\spdlog-inl.h">
      <Filter>Файлы заголовков</Filter>
    </ClInclude>
    <ClInclude Include="vendor\spdlog\stopwatch.h">
      <Filter>Файлы заголовков</Filter>
    </ClInclude>
    <ClInclude Include="vendor\spdlog\tweakme.h">
      <Filter>Файлы заголовков</Filter>
    </ClInclude>
    <ClInclude Include="vendor\spdlog\version.h">
      <Filter>Файлы заголовков</Filter>
    </ClInclude>
    <ClInclude Include="src\app\logger.h">
      <Filter>Файлы заголовков</Filter>
    </ClInclude>
    <ClInclude Include="src\app\memory\address.h">
      <Filter>Файлы заголовков</Filter>
    </ClInclude>
    <ClInclude Include="src\app\memory\hook.h">
      <Filter>Файлы заголовков</Filter>
    </ClInclude>
    <ClInclude Include="src\app\uiBase\uiBaseWindow.h">
      <Filter>Файлы заголовков</Filter>
    </ClInclude>
    <ClInclude Include="resources\images_r.h">
      <Filter>Файлы заголовков</Filter>
    </ClInclude>
    <ClInclude Include="src\game\CloudSettings\CloudSettings.h">
      <Filter>Файлы заголовков</Filter>
    </ClInclude>
    <ClInclude Include="src\app\atl\atArray.h">
      <Filter>Файлы заголовков</Filter>
    </ClInclude>
    <ClInclude Include="src\app\atl\atHashMap.h">
      <Filter>Файлы заголовков</Filter>
    </ClInclude>
    <ClInclude Include="src\game\CloudSettings\ui\CloudSettingsUI.h">
      <Filter>Файлы заголовков</Filter>
    </ClInclude>
    <ClInclude Include="src\app\atl\atBitSet.h">
      <Filter>Файлы заголовков</Filter>
    </ClInclude>
    <ClInclude Include="src\game\CloudSettings\xml\CloudSettingsXmlParser.h">
      <Filter>Файлы заголовков</Filter>
    </ClInclude>
    <ClInclude Include="src\app\helpers\SimpleTimer.h">
      <Filter>Файлы заголовков</Filter>
    </ClInclude>
    <ClInclude Include="src\app\uiBase\ImguiHelpers.h">
      <Filter>Файлы заголовков</Filter>
    </ClInclude>
    <ClInclude Include="src\game\gameClock\Ui\ClockUi.h">
      <Filter>Файлы заголовков</Filter>
    </ClInclude>
    <ClInclude Include="src\game\scripthookTh.h">
      <Filter>Файлы заголовков</Filter>
    </ClInclude>
    <ClInclude Include="src\game\VfxLightningSettings\VfxLightningSettings.h">
      <Filter>Файлы заголовков</Filter>
    </ClInclude>
    <ClInclude Include="src\game\VfxLightningSettings\ui\VfxLightningUi.h">
      <Filter>Файлы заголовков</Filter>
    </ClInclude>
    <ClInclude Include="src\app\atl\color32.h">
      <Filter>Файлы заголовков</Filter>
    </ClInclude>
    <ClInclude Include="src\game\VfxLightningSettings\xml\vfxLightningXmlParser.h">
      <Filter>Файлы заголовков</Filter>
    </ClInclude>
    <ClInclude Include="src\game\VisualSettings\visualSettingsHandler.h">
      <Filter>Файлы заголовков</Filter>
    </ClInclude>
    <ClInclude Include="src\game\VisualSettings\ui\visualSettingsUi.h">
      <Filter>Файлы заголовков</Filter>
    </ClInclude>
    <ClInclude Include="vendor\ImPlot\implot.h">
      <Filter>Файлы заголовков</Filter>
    </ClInclude>
    <ClInclude Include="vendor\ImPlot\implot_internal.h">
      <Filter>Файлы заголовков</Filter>
    </ClInclude>
  </ItemGroup>
  <ItemGroup>
    <Library Include="vendor\MinHook\libMinHook.x64.lib" />
    <Library Include="vendor\scripthook\lib\ScriptHookV.lib" />
  </ItemGroup>
</Project>